
Microsoft Visual Studio Solution File, Format Version 12.00
# Visual Studio 2013
VisualStudioVersion = 12.0.21005.1
MinimumVisualStudioVersion = 10.0.40219.1
Project("{8BC9CEB8-8B4A-11D0-8D11-00A0C91BC942}") = "BiteTest1.0", "BiteTest1.0\BiteTest1.0.vcxproj", "{21FA39A1-9E37-4B11-8B5C-412B449702EF}"
EndProject
Global
	GlobalSection(SolutionConfigurationPlatforms) = preSolution
		Debug|Win32 = Debug|Win32
		Release|Win32 = Release|Win32
	EndGlobalSection
	GlobalSection(ProjectConfigurationPlatforms) = postSolution
		{21FA39A1-9E37-4B11-8B5C-412B449702EF}.Debug|Win32.ActiveCfg = Debug|Win32
		{21FA39A1-9E37-4B11-8B5C-412B449702EF}.Debug|Win32.Build.0 = Debug|Win32
		{21FA39A1-9E37-4B11-8B5C-412B449702EF}.Release|Win32.ActiveCfg = Release|Win32
		{21FA39A1-9E37-4B11-8B5C-412B449702EF}.Release|Win32.Build.0 = Release|Win32
	EndGlobalSection
	GlobalSection(SolutionProperties) = preSolution
		HideSolutionNode = FALSE
	EndGlobalSection
EndGlobal
