
Microsoft Visual Studio Solution File, Format Version 12.00
# Visual Studio 2013
VisualStudioVersion = 12.0.21005.1
MinimumVisualStudioVersion = 10.0.40219.1
Project("{8BC9CEB8-8B4A-11D0-8D11-00A0C91BC942}") = "Project11_5自定义类型（结构体+ 枚举+ 联合）", "Project11_5自定义类型（结构体+ 枚举+ 联合）\Project11_5自定义类型（结构体+ 枚举+ 联合）.vcxproj", "{BD0E8C50-1BE6-465D-9F8C-B9F3783E9C24}"
EndProject
Global
	GlobalSection(SolutionConfigurationPlatforms) = preSolution
		Debug|Win32 = Debug|Win32
		Release|Win32 = Release|Win32
	EndGlobalSection
	GlobalSection(ProjectConfigurationPlatforms) = postSolution
		{BD0E8C50-1BE6-465D-9F8C-B9F3783E9C24}.Debug|Win32.ActiveCfg = Debug|Win32
		{BD0E8C50-1BE6-465D-9F8C-B9F3783E9C24}.Debug|Win32.Build.0 = Debug|Win32
		{BD0E8C50-1BE6-465D-9F8C-B9F3783E9C24}.Release|Win32.ActiveCfg = Release|Win32
		{BD0E8C50-1BE6-465D-9F8C-B9F3783E9C24}.Release|Win32.Build.0 = Release|Win32
	EndGlobalSection
	GlobalSection(SolutionProperties) = preSolution
		HideSolutionNode = FALSE
	EndGlobalSection
EndGlobal
